
Microsoft Visual Studio Solution File, Format Version 12.00
# Visual Studio Version 16
VisualStudioVersion = 16.0.31129.286
MinimumVisualStudioVersion = 10.0.40219.1
Project("{00D1A9C2-B5F0-4AF3-8072-F6C62B433612}") = "SynapseDB", "SynapseDB\SynapseDB.sqlproj", "{AF4CF625-F910-4526-BCF9-E7A9672D1CC8}"
EndProject
Global
	GlobalSection(SolutionConfigurationPlatforms) = preSolution
		Debug|Any CPU = Debug|Any CPU
		Release|Any CPU = Release|Any CPU
	EndGlobalSection
	GlobalSection(ProjectConfigurationPlatforms) = postSolution
		{AF4CF625-F910-4526-BCF9-E7A9672D1CC8}.Debug|Any CPU.ActiveCfg = Debug|Any CPU
		{AF4CF625-F910-4526-BCF9-E7A9672D1CC8}.Debug|Any CPU.Build.0 = Debug|Any CPU
		{AF4CF625-F910-4526-BCF9-E7A9672D1CC8}.Debug|Any CPU.Deploy.0 = Debug|Any CPU
		{AF4CF625-F910-4526-BCF9-E7A9672D1CC8}.Release|Any CPU.ActiveCfg = Release|Any CPU
		{AF4CF625-F910-4526-BCF9-E7A9672D1CC8}.Release|Any CPU.Build.0 = Release|Any CPU
		{AF4CF625-F910-4526-BCF9-E7A9672D1CC8}.Release|Any CPU.Deploy.0 = Release|Any CPU
	EndGlobalSection
	GlobalSection(SolutionProperties) = preSolution
		HideSolutionNode = FALSE
	EndGlobalSection
	GlobalSection(ExtensibilityGlobals) = postSolution
		SolutionGuid = {27524EA5-D8B2-411E-9BE0-4213D38A69F7}
	EndGlobalSection
EndGlobal
